// !$*UTF8*$!
{
	archiveVersion = 1;
	classes = {
	};
	objectVersion = 46;
	objects = {

/* Begin PBXBuildFile section */
		AA1F2E651BCCA27D000ECDEC /* DateIdeaHeartedByViewController.swift in Sources */ = {isa = PBXBuildFile; fileRef = AA1F2E641BCCA27D000ECDEC /* DateIdeaHeartedByViewController.swift */; };
		AA2F3EC31BCC86E4005C7C8A /* DateIdeaHeartedByCell.swift in Sources */ = {isa = PBXBuildFile; fileRef = AA2F3EC21BCC86E4005C7C8A /* DateIdeaHeartedByCell.swift */; };
		AA41877B1BC301E90044A60D /* PhotoHelper.swift in Sources */ = {isa = PBXBuildFile; fileRef = AA41877A1BC301E90044A60D /* PhotoHelper.swift */; };
		AA4A44D91BD5B996007160C5 /* AppearanceHelper.swift in Sources */ = {isa = PBXBuildFile; fileRef = AA4A44D81BD5B996007160C5 /* AppearanceHelper.swift */; };
		AA858BFC1BC97DE100462537 /* Message.swift in Sources */ = {isa = PBXBuildFile; fileRef = AA858BFB1BC97DE100462537 /* Message.swift */; };
		AA858BFE1BC97E2F00462537 /* MessagingViewController.swift in Sources */ = {isa = PBXBuildFile; fileRef = AA858BFD1BC97E2F00462537 /* MessagingViewController.swift */; };
		AABD120F1BC5CE5A00A3236C /* DetailViewController.swift in Sources */ = {isa = PBXBuildFile; fileRef = AABD120E1BC5CE5A00A3236C /* DetailViewController.swift */; };
		AAD8DA021BAE04BB00218CC9 /* main.m in Sources */ = {isa = PBXBuildFile; fileRef = AAD8DA011BAE04BB00218CC9 /* main.m */; };
		AAD8DA051BAE04BB00218CC9 /* AppDelegate.m in Sources */ = {isa = PBXBuildFile; fileRef = AAD8DA041BAE04BB00218CC9 /* AppDelegate.m */; };
		AAD8DA0B1BAE04BB00218CC9 /* Main.storyboard in Resources */ = {isa = PBXBuildFile; fileRef = AAD8DA091BAE04BB00218CC9 /* Main.storyboard */; };
		AAD8DA0D1BAE04BB00218CC9 /* Assets.xcassets in Resources */ = {isa = PBXBuildFile; fileRef = AAD8DA0C1BAE04BB00218CC9 /* Assets.xcassets */; };
		AAD8DA101BAE04BB00218CC9 /* LaunchScreen.storyboard in Resources */ = {isa = PBXBuildFile; fileRef = AAD8DA0E1BAE04BB00218CC9 /* LaunchScreen.storyboard */; };
		AAEDA22F1BB4FFD8008C61FF /* UserProfileViewController.m in Sources */ = {isa = PBXBuildFile; fileRef = AAEDA22E1BB4FFD8008C61FF /* UserProfileViewController.m */; };
		AAEDA2321BB5C7B9008C61FF /* UserProfileDateIdeasCell.m in Sources */ = {isa = PBXBuildFile; fileRef = AAEDA2311BB5C7B9008C61FF /* UserProfileDateIdeasCell.m */; };
		C70460311BB210EF005D8335 /* Comment.swift in Sources */ = {isa = PBXBuildFile; fileRef = C70460301BB210EF005D8335 /* Comment.swift */; };
		C73AA5E91BB0B42200EAD889 /* AddEditIdeaViewController.m in Sources */ = {isa = PBXBuildFile; fileRef = C73AA5E81BB0B42200EAD889 /* AddEditIdeaViewController.m */; };
		C73AA5EC1BB0B76300EAD889 /* DateIdea.m in Sources */ = {isa = PBXBuildFile; fileRef = C73AA5EB1BB0B76300EAD889 /* DateIdea.m */; };
		C73AA5EF1BB0B88B00EAD889 /* User.m in Sources */ = {isa = PBXBuildFile; fileRef = C73AA5EE1BB0B88B00EAD889 /* User.m */; };
		C74C47791BD03EDA00AACED3 /* SignupSupplementViewController.swift in Sources */ = {isa = PBXBuildFile; fileRef = C74C47781BD03EDA00AACED3 /* SignupSupplementViewController.swift */; };
		C752C5161BB36DCE00651DC9 /* SignupViewController.m in Sources */ = {isa = PBXBuildFile; fileRef = C752C5131BB36DCE00651DC9 /* SignupViewController.m */; };
		C752C5171BB36DCE00651DC9 /* LoginViewController.m in Sources */ = {isa = PBXBuildFile; fileRef = C752C5151BB36DCE00651DC9 /* LoginViewController.m */; };
		C7D761131BC2D83200170F3A /* DateView.xib in Resources */ = {isa = PBXBuildFile; fileRef = C7D761121BC2D83200170F3A /* DateView.xib */; };
		C7DA79731BC0AAB300D3E5F4 /* FeedViewController.swift in Sources */ = {isa = PBXBuildFile; fileRef = C7DA79721BC0AAB300D3E5F4 /* FeedViewController.swift */; };
		C7DA79751BC20AE300D3E5F4 /* DateView.swift in Sources */ = {isa = PBXBuildFile; fileRef = C7DA79741BC20AE300D3E5F4 /* DateView.swift */; };
		D57AF32CFD284D7F5C98354B /* Pods.framework in Frameworks */ = {isa = PBXBuildFile; fileRef = 3FDF7E20801C91CB5916C438 /* Pods.framework */; };
/* End PBXBuildFile section */

/* Begin PBXFileReference section */
		2D61B4A2C78D60430DFCD080 /* Pods.release.xcconfig */ = {isa = PBXFileReference; includeInIndex = 1; lastKnownFileType = text.xcconfig; name = Pods.release.xcconfig; path = "Pods/Target Support Files/Pods/Pods.release.xcconfig"; sourceTree = "<group>"; };
		3FDF7E20801C91CB5916C438 /* Pods.framework */ = {isa = PBXFileReference; explicitFileType = wrapper.framework; includeInIndex = 0; path = Pods.framework; sourceTree = BUILT_PRODUCTS_DIR; };
		90BA5665804395EF77725357 /* Pods.debug.xcconfig */ = {isa = PBXFileReference; includeInIndex = 1; lastKnownFileType = text.xcconfig; name = Pods.debug.xcconfig; path = "Pods/Target Support Files/Pods/Pods.debug.xcconfig"; sourceTree = "<group>"; };
		AA1F2E641BCCA27D000ECDEC /* DateIdeaHeartedByViewController.swift */ = {isa = PBXFileReference; fileEncoding = 4; lastKnownFileType = sourcecode.swift; path = DateIdeaHeartedByViewController.swift; sourceTree = "<group>"; };
		AA2F3EC21BCC86E4005C7C8A /* DateIdeaHeartedByCell.swift */ = {isa = PBXFileReference; fileEncoding = 4; lastKnownFileType = sourcecode.swift; path = DateIdeaHeartedByCell.swift; sourceTree = "<group>"; };
		AA41877A1BC301E90044A60D /* PhotoHelper.swift */ = {isa = PBXFileReference; fileEncoding = 4; lastKnownFileType = sourcecode.swift; path = PhotoHelper.swift; sourceTree = "<group>"; };
		AA4A44D81BD5B996007160C5 /* AppearanceHelper.swift */ = {isa = PBXFileReference; fileEncoding = 4; lastKnownFileType = sourcecode.swift; path = AppearanceHelper.swift; sourceTree = "<group>"; };
		AA858BFB1BC97DE100462537 /* Message.swift */ = {isa = PBXFileReference; fileEncoding = 4; lastKnownFileType = sourcecode.swift; path = Message.swift; sourceTree = "<group>"; };
		AA858BFD1BC97E2F00462537 /* MessagingViewController.swift */ = {isa = PBXFileReference; fileEncoding = 4; lastKnownFileType = sourcecode.swift; path = MessagingViewController.swift; sourceTree = "<group>"; };
		AABD120E1BC5CE5A00A3236C /* DetailViewController.swift */ = {isa = PBXFileReference; fileEncoding = 4; lastKnownFileType = sourcecode.swift; path = DetailViewController.swift; sourceTree = "<group>"; };
		AAD8D9FD1BAE04BB00218CC9 /* FirstDate.app */ = {isa = PBXFileReference; explicitFileType = wrapper.application; includeInIndex = 0; path = FirstDate.app; sourceTree = BUILT_PRODUCTS_DIR; };
		AAD8DA011BAE04BB00218CC9 /* main.m */ = {isa = PBXFileReference; lastKnownFileType = sourcecode.c.objc; path = main.m; sourceTree = "<group>"; };
		AAD8DA031BAE04BB00218CC9 /* AppDelegate.h */ = {isa = PBXFileReference; lastKnownFileType = sourcecode.c.h; path = AppDelegate.h; sourceTree = "<group>"; };
		AAD8DA041BAE04BB00218CC9 /* AppDelegate.m */ = {isa = PBXFileReference; lastKnownFileType = sourcecode.c.objc; path = AppDelegate.m; sourceTree = "<group>"; };
		AAD8DA0A1BAE04BB00218CC9 /* Base */ = {isa = PBXFileReference; lastKnownFileType = file.storyboard; name = Base; path = Base.lproj/Main.storyboard; sourceTree = "<group>"; };
		AAD8DA0C1BAE04BB00218CC9 /* Assets.xcassets */ = {isa = PBXFileReference; lastKnownFileType = folder.assetcatalog; path = Assets.xcassets; sourceTree = "<group>"; };
		AAD8DA0F1BAE04BB00218CC9 /* Base */ = {isa = PBXFileReference; lastKnownFileType = file.storyboard; name = Base; path = Base.lproj/LaunchScreen.storyboard; sourceTree = "<group>"; };
		AAD8DA111BAE04BB00218CC9 /* Info.plist */ = {isa = PBXFileReference; lastKnownFileType = text.plist.xml; path = Info.plist; sourceTree = "<group>"; };
		AAEDA22D1BB4FFD8008C61FF /* UserProfileViewController.h */ = {isa = PBXFileReference; fileEncoding = 4; lastKnownFileType = sourcecode.c.h; path = UserProfileViewController.h; sourceTree = "<group>"; };
		AAEDA22E1BB4FFD8008C61FF /* UserProfileViewController.m */ = {isa = PBXFileReference; fileEncoding = 4; lastKnownFileType = sourcecode.c.objc; path = UserProfileViewController.m; sourceTree = "<group>"; };
		AAEDA2301BB5C7B9008C61FF /* UserProfileDateIdeasCell.h */ = {isa = PBXFileReference; fileEncoding = 4; lastKnownFileType = sourcecode.c.h; path = UserProfileDateIdeasCell.h; sourceTree = "<group>"; };
		AAEDA2311BB5C7B9008C61FF /* UserProfileDateIdeasCell.m */ = {isa = PBXFileReference; fileEncoding = 4; lastKnownFileType = sourcecode.c.objc; path = UserProfileDateIdeasCell.m; sourceTree = "<group>"; };
		C704602F1BB210EF005D8335 /* FirstDate-Bridging-Header.h */ = {isa = PBXFileReference; lastKnownFileType = sourcecode.c.h; path = "FirstDate-Bridging-Header.h"; sourceTree = "<group>"; };
		C70460301BB210EF005D8335 /* Comment.swift */ = {isa = PBXFileReference; fileEncoding = 4; lastKnownFileType = sourcecode.swift; path = Comment.swift; sourceTree = "<group>"; };
		C73AA5E71BB0B42200EAD889 /* AddEditIdeaViewController.h */ = {isa = PBXFileReference; fileEncoding = 4; lastKnownFileType = sourcecode.c.h; path = AddEditIdeaViewController.h; sourceTree = "<group>"; };
		C73AA5E81BB0B42200EAD889 /* AddEditIdeaViewController.m */ = {isa = PBXFileReference; fileEncoding = 4; lastKnownFileType = sourcecode.c.objc; path = AddEditIdeaViewController.m; sourceTree = "<group>"; };
		C73AA5EA1BB0B76300EAD889 /* DateIdea.h */ = {isa = PBXFileReference; fileEncoding = 4; lastKnownFileType = sourcecode.c.h; path = DateIdea.h; sourceTree = "<group>"; };
		C73AA5EB1BB0B76300EAD889 /* DateIdea.m */ = {isa = PBXFileReference; fileEncoding = 4; lastKnownFileType = sourcecode.c.objc; path = DateIdea.m; sourceTree = "<group>"; };
		C73AA5ED1BB0B88B00EAD889 /* User.h */ = {isa = PBXFileReference; fileEncoding = 4; lastKnownFileType = sourcecode.c.h; path = User.h; sourceTree = "<group>"; };
		C73AA5EE1BB0B88B00EAD889 /* User.m */ = {isa = PBXFileReference; fileEncoding = 4; lastKnownFileType = sourcecode.c.objc; path = User.m; sourceTree = "<group>"; };
		C74C47781BD03EDA00AACED3 /* SignupSupplementViewController.swift */ = {isa = PBXFileReference; fileEncoding = 4; lastKnownFileType = sourcecode.swift; path = SignupSupplementViewController.swift; sourceTree = "<group>"; };
		C752C5121BB36DCE00651DC9 /* SignupViewController.h */ = {isa = PBXFileReference; fileEncoding = 4; lastKnownFileType = sourcecode.c.h; path = SignupViewController.h; sourceTree = "<group>"; };
		C752C5131BB36DCE00651DC9 /* SignupViewController.m */ = {isa = PBXFileReference; fileEncoding = 4; lastKnownFileType = sourcecode.c.objc; path = SignupViewController.m; sourceTree = "<group>"; };
		C752C5141BB36DCE00651DC9 /* LoginViewController.h */ = {isa = PBXFileReference; fileEncoding = 4; lastKnownFileType = sourcecode.c.h; path = LoginViewController.h; sourceTree = "<group>"; };
		C752C5151BB36DCE00651DC9 /* LoginViewController.m */ = {isa = PBXFileReference; fileEncoding = 4; lastKnownFileType = sourcecode.c.objc; path = LoginViewController.m; sourceTree = "<group>"; };
		C7B582931BB24B0600114385 /* APIKeys.h */ = {isa = PBXFileReference; lastKnownFileType = sourcecode.c.h; path = APIKeys.h; sourceTree = "<group>"; };
		C7D761121BC2D83200170F3A /* DateView.xib */ = {isa = PBXFileReference; fileEncoding = 4; lastKnownFileType = file.xib; path = DateView.xib; sourceTree = "<group>"; };
		C7DA79721BC0AAB300D3E5F4 /* FeedViewController.swift */ = {isa = PBXFileReference; fileEncoding = 4; lastKnownFileType = sourcecode.swift; path = FeedViewController.swift; sourceTree = "<group>"; };
		C7DA79741BC20AE300D3E5F4 /* DateView.swift */ = {isa = PBXFileReference; fileEncoding = 4; lastKnownFileType = sourcecode.swift; path = DateView.swift; sourceTree = "<group>"; };
/* End PBXFileReference section */

/* Begin PBXFrameworksBuildPhase section */
		AAD8D9FA1BAE04BB00218CC9 /* Frameworks */ = {
			isa = PBXFrameworksBuildPhase;
			buildActionMask = 2147483647;
			files = (
				D57AF32CFD284D7F5C98354B /* Pods.framework in Frameworks */,
			);
			runOnlyForDeploymentPostprocessing = 0;
		};
/* End PBXFrameworksBuildPhase section */

/* Begin PBXGroup section */
		1C22A451FEB2C8C0561D1570 /* Frameworks */ = {
			isa = PBXGroup;
			children = (
				3FDF7E20801C91CB5916C438 /* Pods.framework */,
			);
			name = Frameworks;
			sourceTree = "<group>";
		};
		661868CE0B5E0B5A012DD8FD /* Pods */ = {
			isa = PBXGroup;
			children = (
				90BA5665804395EF77725357 /* Pods.debug.xcconfig */,
				2D61B4A2C78D60430DFCD080 /* Pods.release.xcconfig */,
			);
			name = Pods;
			sourceTree = "<group>";
		};
		AA52F2BB1BB39D1A00E52B43 /* Model */ = {
			isa = PBXGroup;
			children = (
				AA4A44D81BD5B996007160C5 /* AppearanceHelper.swift */,
				AA41877A1BC301E90044A60D /* PhotoHelper.swift */,
				AA858BFB1BC97DE100462537 /* Message.swift */,
				C70460301BB210EF005D8335 /* Comment.swift */,
				C73AA5EA1BB0B76300EAD889 /* DateIdea.h */,
				C73AA5EB1BB0B76300EAD889 /* DateIdea.m */,
				C73AA5ED1BB0B88B00EAD889 /* User.h */,
				C73AA5EE1BB0B88B00EAD889 /* User.m */,
			);
			name = Model;
			sourceTree = "<group>";
		};
		AA52F2BC1BB39D2B00E52B43 /* Controllers */ = {
			isa = PBXGroup;
			children = (
				AA858BFD1BC97E2F00462537 /* MessagingViewController.swift */,
				C74C47781BD03EDA00AACED3 /* SignupSupplementViewController.swift */,
				C752C5121BB36DCE00651DC9 /* SignupViewController.h */,
				C752C5131BB36DCE00651DC9 /* SignupViewController.m */,
				C752C5141BB36DCE00651DC9 /* LoginViewController.h */,
				C752C5151BB36DCE00651DC9 /* LoginViewController.m */,
				C7DA79721BC0AAB300D3E5F4 /* FeedViewController.swift */,
				AABD120E1BC5CE5A00A3236C /* DetailViewController.swift */,
				C73AA5E71BB0B42200EAD889 /* AddEditIdeaViewController.h */,
				C73AA5E81BB0B42200EAD889 /* AddEditIdeaViewController.m */,
				AAEDA22D1BB4FFD8008C61FF /* UserProfileViewController.h */,
				AAEDA22E1BB4FFD8008C61FF /* UserProfileViewController.m */,
				AA1F2E641BCCA27D000ECDEC /* DateIdeaHeartedByViewController.swift */,
			);
			name = Controllers;
			sourceTree = "<group>";
		};
		AA52F2BD1BB39D3C00E52B43 /* Views */ = {
			isa = PBXGroup;
			children = (
				C7D761121BC2D83200170F3A /* DateView.xib */,
				C7DA79741BC20AE300D3E5F4 /* DateView.swift */,
				AAEDA2301BB5C7B9008C61FF /* UserProfileDateIdeasCell.h */,
				AAEDA2311BB5C7B9008C61FF /* UserProfileDateIdeasCell.m */,
				AA2F3EC21BCC86E4005C7C8A /* DateIdeaHeartedByCell.swift */,
			);
			name = Views;
			sourceTree = "<group>";
		};
		AAD8D9F41BAE04BB00218CC9 = {
			isa = PBXGroup;
			children = (
				AAD8D9FF1BAE04BB00218CC9 /* FirstDate */,
				AAD8D9FE1BAE04BB00218CC9 /* Products */,
				1C22A451FEB2C8C0561D1570 /* Frameworks */,
				661868CE0B5E0B5A012DD8FD /* Pods */,
			);
			sourceTree = "<group>";
		};
		AAD8D9FE1BAE04BB00218CC9 /* Products */ = {
			isa = PBXGroup;
			children = (
				AAD8D9FD1BAE04BB00218CC9 /* FirstDate.app */,
			);
			name = Products;
			sourceTree = "<group>";
		};
		AAD8D9FF1BAE04BB00218CC9 /* FirstDate */ = {
			isa = PBXGroup;
			children = (
				AAD8DA031BAE04BB00218CC9 /* AppDelegate.h */,
				AAD8DA041BAE04BB00218CC9 /* AppDelegate.m */,
				C704602F1BB210EF005D8335 /* FirstDate-Bridging-Header.h */,
				AA52F2BB1BB39D1A00E52B43 /* Model */,
				AA52F2BC1BB39D2B00E52B43 /* Controllers */,
				AA52F2BD1BB39D3C00E52B43 /* Views */,
				AAD8DA091BAE04BB00218CC9 /* Main.storyboard */,
				AAD8DA0C1BAE04BB00218CC9 /* Assets.xcassets */,
				AAD8DA0E1BAE04BB00218CC9 /* LaunchScreen.storyboard */,
				AAD8DA111BAE04BB00218CC9 /* Info.plist */,
				AAD8DA001BAE04BB00218CC9 /* Supporting Files */,
				C7B582931BB24B0600114385 /* APIKeys.h */,
			);
			path = FirstDate;
			sourceTree = "<group>";
		};
		AAD8DA001BAE04BB00218CC9 /* Supporting Files */ = {
			isa = PBXGroup;
			children = (
				AAD8DA011BAE04BB00218CC9 /* main.m */,
			);
			name = "Supporting Files";
			sourceTree = "<group>";
		};
/* End PBXGroup section */

/* Begin PBXNativeTarget section */
		AAD8D9FC1BAE04BB00218CC9 /* FirstDate */ = {
			isa = PBXNativeTarget;
			buildConfigurationList = AAD8DA141BAE04BB00218CC9 /* Build configuration list for PBXNativeTarget "FirstDate" */;
			buildPhases = (
				AAD8D9F91BAE04BB00218CC9 /* Sources */,
				AAD8D9FA1BAE04BB00218CC9 /* Frameworks */,
				AAD8D9FB1BAE04BB00218CC9 /* Resources */,
				AD6CB5E4D75679F9CB67B86A /* Embed Pods Frameworks */,
			);
			buildRules = (
			);
			dependencies = (
			);
			name = FirstDate;
			productName = FirstDate;
			productReference = AAD8D9FD1BAE04BB00218CC9 /* FirstDate.app */;
			productType = "com.apple.product-type.application";
		};
/* End PBXNativeTarget section */

/* Begin PBXProject section */
		AAD8D9F51BAE04BB00218CC9 /* Project object */ = {
			isa = PBXProject;
			attributes = {
				LastSwiftUpdateCheck = 0700;
				LastUpgradeCheck = 0700;
				ORGANIZATIONNAME = KatieExpatriated;
				TargetAttributes = {
					AAD8D9FC1BAE04BB00218CC9 = {
						CreatedOnToolsVersion = 7.0;
						DevelopmentTeam = 588YC4XKW5;
					};
				};
			};
			buildConfigurationList = AAD8D9F81BAE04BB00218CC9 /* Build configuration list for PBXProject "FirstDate" */;
			compatibilityVersion = "Xcode 3.2";
			developmentRegion = English;
			hasScannedForEncodings = 0;
			knownRegions = (
				en,
				Base,
			);
			mainGroup = AAD8D9F41BAE04BB00218CC9;
			productRefGroup = AAD8D9FE1BAE04BB00218CC9 /* Products */;
			projectDirPath = "";
			projectRoot = "";
			targets = (
				AAD8D9FC1BAE04BB00218CC9 /* FirstDate */,
			);
		};
/* End PBXProject section */

/* Begin PBXResourcesBuildPhase section */
		AAD8D9FB1BAE04BB00218CC9 /* Resources */ = {
			isa = PBXResourcesBuildPhase;
			buildActionMask = 2147483647;
			files = (
				AAD8DA101BAE04BB00218CC9 /* LaunchScreen.storyboard in Resources */,
				AAD8DA0D1BAE04BB00218CC9 /* Assets.xcassets in Resources */,
				AAD8DA0B1BAE04BB00218CC9 /* Main.storyboard in Resources */,
				C7D761131BC2D83200170F3A /* DateView.xib in Resources */,
			);
			runOnlyForDeploymentPostprocessing = 0;
		};
/* End PBXResourcesBuildPhase section */

/* Begin PBXShellScriptBuildPhase section */
		AD6CB5E4D75679F9CB67B86A /* Embed Pods Frameworks */ = {
			isa = PBXShellScriptBuildPhase;
			buildActionMask = 2147483647;
			files = (
			);
			inputPaths = (
			);
			name = "Embed Pods Frameworks";
			outputPaths = (
			);
			runOnlyForDeploymentPostprocessing = 0;
			shellPath = /bin/sh;
			shellScript = "\"${SRCROOT}/Pods/Target Support Files/Pods/Pods-frameworks.sh\"\n";
			showEnvVarsInLog = 0;
		};
/* End PBXShellScriptBuildPhase section */

/* Begin PBXSourcesBuildPhase section */
		AAD8D9F91BAE04BB00218CC9 /* Sources */ = {
			isa = PBXSourcesBuildPhase;
			buildActionMask = 2147483647;
			files = (
				C74C47791BD03EDA00AACED3 /* SignupSupplementViewController.swift in Sources */,
				C73AA5EF1BB0B88B00EAD889 /* User.m in Sources */,
				C752C5171BB36DCE00651DC9 /* LoginViewController.m in Sources */,
				AAEDA22F1BB4FFD8008C61FF /* UserProfileViewController.m in Sources */,
				AAD8DA051BAE04BB00218CC9 /* AppDelegate.m in Sources */,
				C7DA79731BC0AAB300D3E5F4 /* FeedViewController.swift in Sources */,
				AA858BFE1BC97E2F00462537 /* MessagingViewController.swift in Sources */,
				AAEDA2321BB5C7B9008C61FF /* UserProfileDateIdeasCell.m in Sources */,
				C752C5161BB36DCE00651DC9 /* SignupViewController.m in Sources */,
				AA41877B1BC301E90044A60D /* PhotoHelper.swift in Sources */,
				C70460311BB210EF005D8335 /* Comment.swift in Sources */,
				C7DA79751BC20AE300D3E5F4 /* DateView.swift in Sources */,
				AA2F3EC31BCC86E4005C7C8A /* DateIdeaHeartedByCell.swift in Sources */,
				AA4A44D91BD5B996007160C5 /* AppearanceHelper.swift in Sources */,
				C73AA5EC1BB0B76300EAD889 /* DateIdea.m in Sources */,
				AABD120F1BC5CE5A00A3236C /* DetailViewController.swift in Sources */,
				AA1F2E651BCCA27D000ECDEC /* DateIdeaHeartedByViewController.swift in Sources */,
				AA858BFC1BC97DE100462537 /* Message.swift in Sources */,
				AAD8DA021BAE04BB00218CC9 /* main.m in Sources */,
				C73AA5E91BB0B42200EAD889 /* AddEditIdeaViewController.m in Sources */,
			);
			runOnlyForDeploymentPostprocessing = 0;
		};
/* End PBXSourcesBuildPhase section */

/* Begin PBXVariantGroup section */
		AAD8DA091BAE04BB00218CC9 /* Main.storyboard */ = {
			isa = PBXVariantGroup;
			children = (
				AAD8DA0A1BAE04BB00218CC9 /* Base */,
			);
			name = Main.storyboard;
			sourceTree = "<group>";
		};
		AAD8DA0E1BAE04BB00218CC9 /* LaunchScreen.storyboard */ = {
			isa = PBXVariantGroup;
			children = (
				AAD8DA0F1BAE04BB00218CC9 /* Base */,
			);
			name = LaunchScreen.storyboard;
			sourceTree = "<group>";
		};
/* End PBXVariantGroup section */

/* Begin XCBuildConfiguration section */
		AAD8DA121BAE04BB00218CC9 /* Debug */ = {
			isa = XCBuildConfiguration;
			buildSettings = {
				ALWAYS_SEARCH_USER_PATHS = NO;
				CLANG_CXX_LANGUAGE_STANDARD = "gnu++0x";
				CLANG_CXX_LIBRARY = "libc++";
				CLANG_ENABLE_MODULES = YES;
				CLANG_ENABLE_OBJC_ARC = YES;
				CLANG_WARN_BOOL_CONVERSION = YES;
				CLANG_WARN_CONSTANT_CONVERSION = YES;
				CLANG_WARN_DIRECT_OBJC_ISA_USAGE = YES_ERROR;
				CLANG_WARN_EMPTY_BODY = YES;
				CLANG_WARN_ENUM_CONVERSION = YES;
				CLANG_WARN_INT_CONVERSION = YES;
				CLANG_WARN_OBJC_ROOT_CLASS = YES_ERROR;
				CLANG_WARN_UNREACHABLE_CODE = YES;
				CLANG_WARN__DUPLICATE_METHOD_MATCH = YES;
				"CODE_SIGN_IDENTITY[sdk=iphoneos*]" = "iPhone Developer";
				COPY_PHASE_STRIP = NO;
				DEBUG_INFORMATION_FORMAT = dwarf;
				ENABLE_STRICT_OBJC_MSGSEND = YES;
				ENABLE_TESTABILITY = YES;
				GCC_C_LANGUAGE_STANDARD = gnu99;
				GCC_DYNAMIC_NO_PIC = NO;
				GCC_NO_COMMON_BLOCKS = YES;
				GCC_OPTIMIZATION_LEVEL = 0;
				GCC_PREPROCESSOR_DEFINITIONS = (
					"DEBUG=1",
					"$(inherited)",
				);
				GCC_WARN_64_TO_32_BIT_CONVERSION = YES;
				GCC_WARN_ABOUT_RETURN_TYPE = YES_ERROR;
				GCC_WARN_UNDECLARED_SELECTOR = YES;
				GCC_WARN_UNINITIALIZED_AUTOS = YES_AGGRESSIVE;
				GCC_WARN_UNUSED_FUNCTION = YES;
				GCC_WARN_UNUSED_VARIABLE = YES;
				IPHONEOS_DEPLOYMENT_TARGET = 9.0;
				MTL_ENABLE_DEBUG_INFO = YES;
				ONLY_ACTIVE_ARCH = YES;
				PROVISIONING_PROFILE = "eae977ee-fad5-4872-9d2b-7bcf6cdac8b0";
				SDKROOT = iphoneos;
			};
			name = Debug;
		};
		AAD8DA131BAE04BB00218CC9 /* Release */ = {
			isa = XCBuildConfiguration;
			buildSettings = {
				ALWAYS_SEARCH_USER_PATHS = NO;
				CLANG_CXX_LANGUAGE_STANDARD = "gnu++0x";
				CLANG_CXX_LIBRARY = "libc++";
				CLANG_ENABLE_MODULES = YES;
				CLANG_ENABLE_OBJC_ARC = YES;
				CLANG_WARN_BOOL_CONVERSION = YES;
				CLANG_WARN_CONSTANT_CONVERSION = YES;
				CLANG_WARN_DIRECT_OBJC_ISA_USAGE = YES_ERROR;
				CLANG_WARN_EMPTY_BODY = YES;
				CLANG_WARN_ENUM_CONVERSION = YES;
				CLANG_WARN_INT_CONVERSION = YES;
				CLANG_WARN_OBJC_ROOT_CLASS = YES_ERROR;
				CLANG_WARN_UNREACHABLE_CODE = YES;
				CLANG_WARN__DUPLICATE_METHOD_MATCH = YES;
				"CODE_SIGN_IDENTITY[sdk=iphoneos*]" = "iPhone Developer";
				COPY_PHASE_STRIP = NO;
				DEBUG_INFORMATION_FORMAT = "dwarf-with-dsym";
				ENABLE_NS_ASSERTIONS = NO;
				ENABLE_STRICT_OBJC_MSGSEND = YES;
				GCC_C_LANGUAGE_STANDARD = gnu99;
				GCC_NO_COMMON_BLOCKS = YES;
				GCC_WARN_64_TO_32_BIT_CONVERSION = YES;
				GCC_WARN_ABOUT_RETURN_TYPE = YES_ERROR;
				GCC_WARN_UNDECLARED_SELECTOR = YES;
				GCC_WARN_UNINITIALIZED_AUTOS = YES_AGGRESSIVE;
				GCC_WARN_UNUSED_FUNCTION = YES;
				GCC_WARN_UNUSED_VARIABLE = YES;
				IPHONEOS_DEPLOYMENT_TARGET = 9.0;
				MTL_ENABLE_DEBUG_INFO = NO;
				PROVISIONING_PROFILE = "eae977ee-fad5-4872-9d2b-7bcf6cdac8b0";
				SDKROOT = iphoneos;
				VALIDATE_PRODUCT = YES;
			};
			name = Release;
		};
		AAD8DA151BAE04BB00218CC9 /* Debug */ = {
			isa = XCBuildConfiguration;
			baseConfigurationReference = 90BA5665804395EF77725357 /* Pods.debug.xcconfig */;
			buildSettings = {
				ASSETCATALOG_COMPILER_APPICON_NAME = AppIcon;
				CLANG_ENABLE_MODULES = YES;
				CODE_SIGN_IDENTITY = "iPhone Developer";
				"CODE_SIGN_IDENTITY[sdk=iphoneos*]" = "iPhone Developer";
				INFOPLIST_FILE = FirstDate/Info.plist;
				LD_RUNPATH_SEARCH_PATHS = "$(inherited) @executable_path/Frameworks";
				PRODUCT_BUNDLE_IDENTIFIER = com.wordpress.katieexpatriated.FirstDate;
				PRODUCT_NAME = "$(TARGET_NAME)";
				PROVISIONING_PROFILE = "";
				SWIFT_OBJC_BRIDGING_HEADER = "FirstDate/FirstDate-Bridging-Header.h";
				SWIFT_OPTIMIZATION_LEVEL = "-Onone";
				TARGETED_DEVICE_FAMILY = 1;
			};
			name = Debug;
		};
		AAD8DA161BAE04BB00218CC9 /* Release */ = {
			isa = XCBuildConfiguration;
			baseConfigurationReference = 2D61B4A2C78D60430DFCD080 /* Pods.release.xcconfig */;
			buildSettings = {
				ASSETCATALOG_COMPILER_APPICON_NAME = AppIcon;
				CLANG_ENABLE_MODULES = YES;
				CODE_SIGN_IDENTITY = "iPhone Developer";
				"CODE_SIGN_IDENTITY[sdk=iphoneos*]" = "iPhone Developer";
				INFOPLIST_FILE = FirstDate/Info.plist;
				LD_RUNPATH_SEARCH_PATHS = "$(inherited) @executable_path/Frameworks";
				PRODUCT_BUNDLE_IDENTIFIER = com.wordpress.katieexpatriated.FirstDate;
				PRODUCT_NAME = "$(TARGET_NAME)";
				PROVISIONING_PROFILE = "";
				SWIFT_OBJC_BRIDGING_HEADER = "FirstDate/FirstDate-Bridging-Header.h";
				TARGETED_DEVICE_FAMILY = 1;
			};
			name = Release;
		};
/* End XCBuildConfiguration section */

/* Begin XCConfigurationList section */
		AAD8D9F81BAE04BB00218CC9 /* Build configuration list for PBXProject "FirstDate" */ = {
			isa = XCConfigurationList;
			buildConfigurations = (
				AAD8DA121BAE04BB00218CC9 /* Debug */,
				AAD8DA131BAE04BB00218CC9 /* Release */,
			);
			defaultConfigurationIsVisible = 0;
			defaultConfigurationName = Release;
		};
		AAD8DA141BAE04BB00218CC9 /* Build configuration list for PBXNativeTarget "FirstDate" */ = {
			isa = XCConfigurationList;
			buildConfigurations = (
				AAD8DA151BAE04BB00218CC9 /* Debug */,
				AAD8DA161BAE04BB00218CC9 /* Release */,
			);
			defaultConfigurationIsVisible = 0;
			defaultConfigurationName = Release;
		};
/* End XCConfigurationList section */
	};
	rootObject = AAD8D9F51BAE04BB00218CC9 /* Project object */;
}
